
Microsoft Visual Studio Solution File, Format Version 12.00
# Visual Studio Version 17
VisualStudioVersion = 17.7.34221.43
MinimumVisualStudioVersion = 10.0.40219.1
Project("{9A19103F-16F7-4668-BE54-9A1E7A4F7556}") = "benchmark-app", "benchmark-app\benchmark-app.csproj", "{EA3FAB15-4DAF-4B4D-A7F5-00DCB2BFFE75}"
EndProject
Project("{9A19103F-16F7-4668-BE54-9A1E7A4F7556}") = "benchmark-gui", "benchmark-gui\benchmark-gui.csproj", "{BF6F6155-332D-41AE-AA83-2D25738968E4}"
EndProject
Project("{9A19103F-16F7-4668-BE54-9A1E7A4F7556}") = "benchmark-lib", "benchmark-lib\benchmark-lib.csproj", "{1F916F39-ECF0-4FAC-B524-E9258D4817A0}"
EndProject
Project("{9A19103F-16F7-4668-BE54-9A1E7A4F7556}") = "lib-test", "lib-test\lib-test.csproj", "{2F173944-8055-4B59-AC0F-A1037F9AC309}"
EndProject
Global
	GlobalSection(SolutionConfigurationPlatforms) = preSolution
		Debug|Any CPU = Debug|Any CPU
		Release|Any CPU = Release|Any CPU
	EndGlobalSection
	GlobalSection(ProjectConfigurationPlatforms) = postSolution
		{EA3FAB15-4DAF-4B4D-A7F5-00DCB2BFFE75}.Debug|Any CPU.ActiveCfg = Debug|Any CPU
		{EA3FAB15-4DAF-4B4D-A7F5-00DCB2BFFE75}.Debug|Any CPU.Build.0 = Debug|Any CPU
		{EA3FAB15-4DAF-4B4D-A7F5-00DCB2BFFE75}.Release|Any CPU.ActiveCfg = Release|Any CPU
		{EA3FAB15-4DAF-4B4D-A7F5-00DCB2BFFE75}.Release|Any CPU.Build.0 = Release|Any CPU
		{BF6F6155-332D-41AE-AA83-2D25738968E4}.Debug|Any CPU.ActiveCfg = Debug|Any CPU
		{BF6F6155-332D-41AE-AA83-2D25738968E4}.Debug|Any CPU.Build.0 = Debug|Any CPU
		{BF6F6155-332D-41AE-AA83-2D25738968E4}.Release|Any CPU.ActiveCfg = Release|Any CPU
		{BF6F6155-332D-41AE-AA83-2D25738968E4}.Release|Any CPU.Build.0 = Release|Any CPU
		{1F916F39-ECF0-4FAC-B524-E9258D4817A0}.Debug|Any CPU.ActiveCfg = Debug|Any CPU
		{1F916F39-ECF0-4FAC-B524-E9258D4817A0}.Debug|Any CPU.Build.0 = Debug|Any CPU
		{1F916F39-ECF0-4FAC-B524-E9258D4817A0}.Release|Any CPU.ActiveCfg = Release|Any CPU
		{1F916F39-ECF0-4FAC-B524-E9258D4817A0}.Release|Any CPU.Build.0 = Release|Any CPU
		{2F173944-8055-4B59-AC0F-A1037F9AC309}.Debug|Any CPU.ActiveCfg = Debug|Any CPU
		{2F173944-8055-4B59-AC0F-A1037F9AC309}.Debug|Any CPU.Build.0 = Debug|Any CPU
		{2F173944-8055-4B59-AC0F-A1037F9AC309}.Release|Any CPU.ActiveCfg = Release|Any CPU
		{2F173944-8055-4B59-AC0F-A1037F9AC309}.Release|Any CPU.Build.0 = Release|Any CPU
	EndGlobalSection
	GlobalSection(SolutionProperties) = preSolution
		HideSolutionNode = FALSE
	EndGlobalSection
	GlobalSection(ExtensibilityGlobals) = postSolution
		SolutionGuid = {FE829062-E6DA-414C-BE58-6A2C58B4C451}
	EndGlobalSection
EndGlobal
